
Microsoft Visual Studio Solution File, Format Version 12.00
# Visual Studio 15
VisualStudioVersion = 15.0.28307.168
MinimumVisualStudioVersion = 10.0.40219.1
Project("{9A19103F-16F7-4668-BE54-9A1E7A4F7556}") = "FakeDataSender", "FakeDataSender.csproj", "{A2373D56-DF43-4532-888E-DD2C9950477B}"
EndProject
Global
	GlobalSection(SolutionConfigurationPlatforms) = preSolution
		Debug|Any CPU = Debug|Any CPU
		Release|Any CPU = Release|Any CPU
	EndGlobalSection
	GlobalSection(ProjectConfigurationPlatforms) = postSolution
		{A2373D56-DF43-4532-888E-DD2C9950477B}.Debug|Any CPU.ActiveCfg = Debug|Any CPU
		{A2373D56-DF43-4532-888E-DD2C9950477B}.Debug|Any CPU.Build.0 = Debug|Any CPU
		{A2373D56-DF43-4532-888E-DD2C9950477B}.Release|Any CPU.ActiveCfg = Release|Any CPU
		{A2373D56-DF43-4532-888E-DD2C9950477B}.Release|Any CPU.Build.0 = Release|Any CPU
	EndGlobalSection
	GlobalSection(SolutionProperties) = preSolution
		HideSolutionNode = FALSE
	EndGlobalSection
	GlobalSection(ExtensibilityGlobals) = postSolution
		SolutionGuid = {E6A963B2-7564-4C7D-9EA7-542FBF7F45AA}
	EndGlobalSection
EndGlobal
